// !$*UTF8*$!
{
	archiveVersion = 1;
	classes = {
	};
	objectVersion = 48;
	objects = {

/* Begin PBXBuildFile section */
		128579A6D1A0310B1524FAA8 /* Pods_IGListTest.framework in Frameworks */ = {isa = PBXBuildFile; fileRef = 8805F49C3D7889B76EB30D1E /* Pods_IGListTest.framework */; };
		E20F31EC1F80E2B20008515C /* ScheduleTest.swift in Sources */ = {isa = PBXBuildFile; fileRef = E20F31EB1F80E2B20008515C /* ScheduleTest.swift */; };
		E20F31F11F80E5D70008515C /* UsefullExtensions.swift in Sources */ = {isa = PBXBuildFile; fileRef = E20F31F01F80E5D70008515C /* UsefullExtensions.swift */; };
		E237EFCE1F80D41A002612DA /* Schedule.swift in Sources */ = {isa = PBXBuildFile; fileRef = E237EFCD1F80D41A002612DA /* Schedule.swift */; };
		E237EFD01F80D516002612DA /* Location.swift in Sources */ = {isa = PBXBuildFile; fileRef = E237EFCF1F80D516002612DA /* Location.swift */; };
		E237EFD21F80D69B002612DA /* Speaker.swift in Sources */ = {isa = PBXBuildFile; fileRef = E237EFD11F80D69B002612DA /* Speaker.swift */; };
		E237EFD41F80D85B002612DA /* Category.swift in Sources */ = {isa = PBXBuildFile; fileRef = E237EFD31F80D85B002612DA /* Category.swift */; };
		E27D4B2A1F80341700376FC4 /* AppDelegate.swift in Sources */ = {isa = PBXBuildFile; fileRef = E27D4B291F80341700376FC4 /* AppDelegate.swift */; };
		E27D4B2C1F80341700376FC4 /* ViewController.swift in Sources */ = {isa = PBXBuildFile; fileRef = E27D4B2B1F80341700376FC4 /* ViewController.swift */; };
		E27D4B2F1F80341700376FC4 /* Main.storyboard in Resources */ = {isa = PBXBuildFile; fileRef = E27D4B2D1F80341700376FC4 /* Main.storyboard */; };
		E27D4B311F80341700376FC4 /* Assets.xcassets in Resources */ = {isa = PBXBuildFile; fileRef = E27D4B301F80341700376FC4 /* Assets.xcassets */; };
		E27D4B341F80341700376FC4 /* LaunchScreen.storyboard in Resources */ = {isa = PBXBuildFile; fileRef = E27D4B321F80341700376FC4 /* LaunchScreen.storyboard */; };
/* End PBXBuildFile section */

/* Begin PBXFileReference section */
		070B293D1B562154DE1BAF76 /* Pods-IGListTest.debug.xcconfig */ = {isa = PBXFileReference; includeInIndex = 1; lastKnownFileType = text.xcconfig; name = "Pods-IGListTest.debug.xcconfig"; path = "Pods/Target Support Files/Pods-IGListTest/Pods-IGListTest.debug.xcconfig"; sourceTree = "<group>"; };
		776DA9C325C5C697FA620F36 /* Pods-IGListTest.release.xcconfig */ = {isa = PBXFileReference; includeInIndex = 1; lastKnownFileType = text.xcconfig; name = "Pods-IGListTest.release.xcconfig"; path = "Pods/Target Support Files/Pods-IGListTest/Pods-IGListTest.release.xcconfig"; sourceTree = "<group>"; };
		8805F49C3D7889B76EB30D1E /* Pods_IGListTest.framework */ = {isa = PBXFileReference; explicitFileType = wrapper.framework; includeInIndex = 0; path = Pods_IGListTest.framework; sourceTree = BUILT_PRODUCTS_DIR; };
		E20F31EB1F80E2B20008515C /* ScheduleTest.swift */ = {isa = PBXFileReference; lastKnownFileType = sourcecode.swift; path = ScheduleTest.swift; sourceTree = "<group>"; };
		E20F31F01F80E5D70008515C /* UsefullExtensions.swift */ = {isa = PBXFileReference; lastKnownFileType = sourcecode.swift; path = UsefullExtensions.swift; sourceTree = "<group>"; };
		E237EFCD1F80D41A002612DA /* Schedule.swift */ = {isa = PBXFileReference; lastKnownFileType = sourcecode.swift; path = Schedule.swift; sourceTree = "<group>"; };
		E237EFCF1F80D516002612DA /* Location.swift */ = {isa = PBXFileReference; lastKnownFileType = sourcecode.swift; path = Location.swift; sourceTree = "<group>"; };
		E237EFD11F80D69B002612DA /* Speaker.swift */ = {isa = PBXFileReference; lastKnownFileType = sourcecode.swift; path = Speaker.swift; sourceTree = "<group>"; };
		E237EFD31F80D85B002612DA /* Category.swift */ = {isa = PBXFileReference; lastKnownFileType = sourcecode.swift; path = Category.swift; sourceTree = "<group>"; };
		E27D4B261F80341700376FC4 /* IGListTest.app */ = {isa = PBXFileReference; explicitFileType = wrapper.application; includeInIndex = 0; path = IGListTest.app; sourceTree = BUILT_PRODUCTS_DIR; };
		E27D4B291F80341700376FC4 /* AppDelegate.swift */ = {isa = PBXFileReference; lastKnownFileType = sourcecode.swift; path = AppDelegate.swift; sourceTree = "<group>"; };
		E27D4B2B1F80341700376FC4 /* ViewController.swift */ = {isa = PBXFileReference; lastKnownFileType = sourcecode.swift; path = ViewController.swift; sourceTree = "<group>"; };
		E27D4B2E1F80341700376FC4 /* Base */ = {isa = PBXFileReference; lastKnownFileType = file.storyboard; name = Base; path = Base.lproj/Main.storyboard; sourceTree = "<group>"; };
		E27D4B301F80341700376FC4 /* Assets.xcassets */ = {isa = PBXFileReference; lastKnownFileType = folder.assetcatalog; path = Assets.xcassets; sourceTree = "<group>"; };
		E27D4B331F80341700376FC4 /* Base */ = {isa = PBXFileReference; lastKnownFileType = file.storyboard; name = Base; path = Base.lproj/LaunchScreen.storyboard; sourceTree = "<group>"; };
		E27D4B351F80341700376FC4 /* Info.plist */ = {isa = PBXFileReference; lastKnownFileType = text.plist.xml; path = Info.plist; sourceTree = "<group>"; };
/* End PBXFileReference section */

/* Begin PBXFrameworksBuildPhase section */
		E27D4B231F80341700376FC4 /* Frameworks */ = {
			isa = PBXFrameworksBuildPhase;
			buildActionMask = 2147483647;
			files = (
				128579A6D1A0310B1524FAA8 /* Pods_IGListTest.framework in Frameworks */,
			);
			runOnlyForDeploymentPostprocessing = 0;
		};
/* End PBXFrameworksBuildPhase section */

/* Begin PBXGroup section */
		B0FD5C43CC10004C5BDF41C7 /* Pods */ = {
			isa = PBXGroup;
			children = (
				070B293D1B562154DE1BAF76 /* Pods-IGListTest.debug.xcconfig */,
				776DA9C325C5C697FA620F36 /* Pods-IGListTest.release.xcconfig */,
			);
			name = Pods;
			sourceTree = "<group>";
		};
		E20F31EA1F80E28D0008515C /* TestModel */ = {
			isa = PBXGroup;
			children = (
				E20F31EB1F80E2B20008515C /* ScheduleTest.swift */,
			);
			path = TestModel;
			sourceTree = "<group>";
		};
		E20F31EF1F80E5C20008515C /* Extension */ = {
			isa = PBXGroup;
			children = (
				E20F31F01F80E5D70008515C /* UsefullExtensions.swift */,
			);
			path = Extension;
			sourceTree = "<group>";
		};
		E237EFCB1F80D365002612DA /* Models */ = {
			isa = PBXGroup;
			children = (
				E20F31EA1F80E28D0008515C /* TestModel */,
				E237EFCD1F80D41A002612DA /* Schedule.swift */,
				E237EFCF1F80D516002612DA /* Location.swift */,
				E237EFD11F80D69B002612DA /* Speaker.swift */,
				E237EFD31F80D85B002612DA /* Category.swift */,
			);
			path = Models;
			sourceTree = "<group>";
		};
		E27D4B1D1F80341700376FC4 = {
			isa = PBXGroup;
			children = (
				E27D4B281F80341700376FC4 /* IGListTest */,
				E27D4B271F80341700376FC4 /* Products */,
				B0FD5C43CC10004C5BDF41C7 /* Pods */,
				F053FC18B0EAD79F585CCC76 /* Frameworks */,
			);
			sourceTree = "<group>";
		};
		E27D4B271F80341700376FC4 /* Products */ = {
			isa = PBXGroup;
			children = (
				E27D4B261F80341700376FC4 /* IGListTest.app */,
			);
			name = Products;
			sourceTree = "<group>";
		};
		E27D4B281F80341700376FC4 /* IGListTest */ = {
			isa = PBXGroup;
			children = (
				E20F31EF1F80E5C20008515C /* Extension */,
				E27D4B291F80341700376FC4 /* AppDelegate.swift */,
				E27D4B2B1F80341700376FC4 /* ViewController.swift */,
				E237EFCB1F80D365002612DA /* Models */,
				E27D4B2D1F80341700376FC4 /* Main.storyboard */,
				E27D4B301F80341700376FC4 /* Assets.xcassets */,
				E27D4B321F80341700376FC4 /* LaunchScreen.storyboard */,
				E27D4B351F80341700376FC4 /* Info.plist */,
			);
			path = IGListTest;
			sourceTree = "<group>";
		};
		F053FC18B0EAD79F585CCC76 /* Frameworks */ = {
			isa = PBXGroup;
			children = (
				8805F49C3D7889B76EB30D1E /* Pods_IGListTest.framework */,
			);
			name = Frameworks;
			sourceTree = "<group>";
		};
/* End PBXGroup section */

/* Begin PBXNativeTarget section */
		E27D4B251F80341700376FC4 /* IGListTest */ = {
			isa = PBXNativeTarget;
			buildConfigurationList = E27D4B381F80341700376FC4 /* Build configuration list for PBXNativeTarget "IGListTest" */;
			buildPhases = (
				B2536B9F29AEEB5BF582DF37 /* [CP] Check Pods Manifest.lock */,
				E27D4B221F80341700376FC4 /* Sources */,
				E27D4B231F80341700376FC4 /* Frameworks */,
				E27D4B241F80341700376FC4 /* Resources */,
				A1F01ADD01DE8DEAE9B414AD /* [CP] Embed Pods Frameworks */,
				01464555C3288688E9771532 /* [CP] Copy Pods Resources */,
			);
			buildRules = (
			);
			dependencies = (
			);
			name = IGListTest;
			productName = IGListTest;
			productReference = E27D4B261F80341700376FC4 /* IGListTest.app */;
			productType = "com.apple.product-type.application";
		};
/* End PBXNativeTarget section */

/* Begin PBXProject section */
		E27D4B1E1F80341700376FC4 /* Project object */ = {
			isa = PBXProject;
			attributes = {
				LastSwiftUpdateCheck = 0900;
				LastUpgradeCheck = 0900;
				ORGANIZATIONNAME = "d'Man";
				TargetAttributes = {
					E27D4B251F80341700376FC4 = {
						CreatedOnToolsVersion = 9.0;
						ProvisioningStyle = Automatic;
					};
				};
			};
			buildConfigurationList = E27D4B211F80341700376FC4 /* Build configuration list for PBXProject "IGListTest" */;
			compatibilityVersion = "Xcode 8.0";
			developmentRegion = en;
			hasScannedForEncodings = 0;
			knownRegions = (
				en,
				Base,
			);
			mainGroup = E27D4B1D1F80341700376FC4;
			productRefGroup = E27D4B271F80341700376FC4 /* Products */;
			projectDirPath = "";
			projectRoot = "";
			targets = (
				E27D4B251F80341700376FC4 /* IGListTest */,
			);
		};
/* End PBXProject section */

/* Begin PBXResourcesBuildPhase section */
		E27D4B241F80341700376FC4 /* Resources */ = {
			isa = PBXResourcesBuildPhase;
			buildActionMask = 2147483647;
			files = (
				E27D4B341F80341700376FC4 /* LaunchScreen.storyboard in Resources */,
				E27D4B311F80341700376FC4 /* Assets.xcassets in Resources */,
				E27D4B2F1F80341700376FC4 /* Main.storyboard in Resources */,
			);
			runOnlyForDeploymentPostprocessing = 0;
		};
/* End PBXResourcesBuildPhase section */

/* Begin PBXShellScriptBuildPhase section */
		01464555C3288688E9771532 /* [CP] Copy Pods Resources */ = {
			isa = PBXShellScriptBuildPhase;
			buildActionMask = 2147483647;
			files = (
			);
			inputPaths = (
			);
			name = "[CP] Copy Pods Resources";
			outputPaths = (
			);
			runOnlyForDeploymentPostprocessing = 0;
			shellPath = /bin/sh;
			shellScript = "\"${SRCROOT}/Pods/Target Support Files/Pods-IGListTest/Pods-IGListTest-resources.sh\"\n";
			showEnvVarsInLog = 0;
		};
		A1F01ADD01DE8DEAE9B414AD /* [CP] Embed Pods Frameworks */ = {
			isa = PBXShellScriptBuildPhase;
			buildActionMask = 2147483647;
			files = (
			);
			inputPaths = (
				"${SRCROOT}/Pods/Target Support Files/Pods-IGListTest/Pods-IGListTest-frameworks.sh",
				"${BUILT_PRODUCTS_DIR}/IGListKit/IGListKit.framework",
			);
			name = "[CP] Embed Pods Frameworks";
			outputPaths = (
				"${TARGET_BUILD_DIR}/${FRAMEWORKS_FOLDER_PATH}/IGListKit.framework",
			);
			runOnlyForDeploymentPostprocessing = 0;
			shellPath = /bin/sh;
			shellScript = "\"${SRCROOT}/Pods/Target Support Files/Pods-IGListTest/Pods-IGListTest-frameworks.sh\"\n";
			showEnvVarsInLog = 0;
		};
		B2536B9F29AEEB5BF582DF37 /* [CP] Check Pods Manifest.lock */ = {
			isa = PBXShellScriptBuildPhase;
			buildActionMask = 2147483647;
			files = (
			);
			inputPaths = (
				"${PODS_PODFILE_DIR_PATH}/Podfile.lock",
				"${PODS_ROOT}/Manifest.lock",
			);
			name = "[CP] Check Pods Manifest.lock";
			outputPaths = (
				"$(DERIVED_FILE_DIR)/Pods-IGListTest-checkManifestLockResult.txt",
			);
			runOnlyForDeploymentPostprocessing = 0;
			shellPath = /bin/sh;
			shellScript = "diff \"${PODS_PODFILE_DIR_PATH}/Podfile.lock\" \"${PODS_ROOT}/Manifest.lock\" > /dev/null\nif [ $? != 0 ] ; then\n    # print error to STDERR\n    echo \"error: The sandbox is not in sync with the Podfile.lock. Run 'pod install' or update your CocoaPods installation.\" >&2\n    exit 1\nfi\n# This output is used by Xcode 'outputs' to avoid re-running this script phase.\necho \"SUCCESS\" > \"${SCRIPT_OUTPUT_FILE_0}\"\n";
			showEnvVarsInLog = 0;
		};
/* End PBXShellScriptBuildPhase section */

/* Begin PBXSourcesBuildPhase section */
		E27D4B221F80341700376FC4 /* Sources */ = {
			isa = PBXSourcesBuildPhase;
			buildActionMask = 2147483647;
			files = (
				E237EFCE1F80D41A002612DA /* Schedule.swift in Sources */,
				E27D4B2C1F80341700376FC4 /* ViewController.swift in Sources */,
				E20F31F11F80E5D70008515C /* UsefullExtensions.swift in Sources */,
				E20F31EC1F80E2B20008515C /* ScheduleTest.swift in Sources */,
				E237EFD21F80D69B002612DA /* Speaker.swift in Sources */,
				E237EFD01F80D516002612DA /* Location.swift in Sources */,
				E27D4B2A1F80341700376FC4 /* AppDelegate.swift in Sources */,
				E237EFD41F80D85B002612DA /* Category.swift in Sources */,
			);
			runOnlyForDeploymentPostprocessing = 0;
		};
/* End PBXSourcesBuildPhase section */

/* Begin PBXVariantGroup section */
		E27D4B2D1F80341700376FC4 /* Main.storyboard */ = {
			isa = PBXVariantGroup;
			children = (
				E27D4B2E1F80341700376FC4 /* Base */,
			);
			name = Main.storyboard;
			sourceTree = "<group>";
		};
		E27D4B321F80341700376FC4 /* LaunchScreen.storyboard */ = {
			isa = PBXVariantGroup;
			children = (
				E27D4B331F80341700376FC4 /* Base */,
			);
			name = LaunchScreen.storyboard;
			sourceTree = "<group>";
		};
/* End PBXVariantGroup section */

/* Begin XCBuildConfiguration section */
		E27D4B361F80341700376FC4 /* Debug */ = {
			isa = XCBuildConfiguration;
			buildSettings = {
				ALWAYS_SEARCH_USER_PATHS = NO;
				CLANG_ANALYZER_NONNULL = YES;
				CLANG_ANALYZER_NUMBER_OBJECT_CONVERSION = YES_AGGRESSIVE;
				CLANG_CXX_LANGUAGE_STANDARD = "gnu++14";
				CLANG_CXX_LIBRARY = "libc++";
				CLANG_ENABLE_MODULES = YES;
				CLANG_ENABLE_OBJC_ARC = YES;
				CLANG_WARN_BLOCK_CAPTURE_AUTORELEASING = YES;
				CLANG_WARN_BOOL_CONVERSION = YES;
				CLANG_WARN_COMMA = YES;
				CLANG_WARN_CONSTANT_CONVERSION = YES;
				CLANG_WARN_DIRECT_OBJC_ISA_USAGE = YES_ERROR;
				CLANG_WARN_DOCUMENTATION_COMMENTS = YES;
				CLANG_WARN_EMPTY_BODY = YES;
				CLANG_WARN_ENUM_CONVERSION = YES;
				CLANG_WARN_INFINITE_RECURSION = YES;
				CLANG_WARN_INT_CONVERSION = YES;
				CLANG_WARN_NON_LITERAL_NULL_CONVERSION = YES;
				CLANG_WARN_OBJC_LITERAL_CONVERSION = YES;
				CLANG_WARN_OBJC_ROOT_CLASS = YES_ERROR;
				CLANG_WARN_RANGE_LOOP_ANALYSIS = YES;
				CLANG_WARN_STRICT_PROTOTYPES = YES;
				CLANG_WARN_SUSPICIOUS_MOVE = YES;
				CLANG_WARN_UNGUARDED_AVAILABILITY = YES_AGGRESSIVE;
				CLANG_WARN_UNREACHABLE_CODE = YES;
				CLANG_WARN__DUPLICATE_METHOD_MATCH = YES;
				CODE_SIGN_IDENTITY = "iPhone Developer";
				COPY_PHASE_STRIP = NO;
				DEBUG_INFORMATION_FORMAT = dwarf;
				ENABLE_STRICT_OBJC_MSGSEND = YES;
				ENABLE_TESTABILITY = YES;
				GCC_C_LANGUAGE_STANDARD = gnu11;
				GCC_DYNAMIC_NO_PIC = NO;
				GCC_NO_COMMON_BLOCKS = YES;
				GCC_OPTIMIZATION_LEVEL = 0;
				GCC_PREPROCESSOR_DEFINITIONS = (
					"DEBUG=1",
					"$(inherited)",
				);
				GCC_WARN_64_TO_32_BIT_CONVERSION = YES;
				GCC_WARN_ABOUT_RETURN_TYPE = YES_ERROR;
				GCC_WARN_UNDECLARED_SELECTOR = YES;
				GCC_WARN_UNINITIALIZED_AUTOS = YES_AGGRESSIVE;
				GCC_WARN_UNUSED_FUNCTION = YES;
				GCC_WARN_UNUSED_VARIABLE = YES;
				IPHONEOS_DEPLOYMENT_TARGET = 11.0;
				MTL_ENABLE_DEBUG_INFO = YES;
				ONLY_ACTIVE_ARCH = YES;
				SDKROOT = iphoneos;
				SWIFT_ACTIVE_COMPILATION_CONDITIONS = DEBUG;
				SWIFT_OPTIMIZATION_LEVEL = "-Onone";
			};
			name = Debug;
		};
		E27D4B371F80341700376FC4 /* Release */ = {
			isa = XCBuildConfiguration;
			buildSettings = {
				ALWAYS_SEARCH_USER_PATHS = NO;
				CLANG_ANALYZER_NONNULL = YES;
				CLANG_ANALYZER_NUMBER_OBJECT_CONVERSION = YES_AGGRESSIVE;
				CLANG_CXX_LANGUAGE_STANDARD = "gnu++14";
				CLANG_CXX_LIBRARY = "libc++";
				CLANG_ENABLE_MODULES = YES;
				CLANG_ENABLE_OBJC_ARC = YES;
				CLANG_WARN_BLOCK_CAPTURE_AUTORELEASING = YES;
				CLANG_WARN_BOOL_CONVERSION = YES;
				CLANG_WARN_COMMA = YES;
				CLANG_WARN_CONSTANT_CONVERSION = YES;
				CLANG_WARN_DIRECT_OBJC_ISA_USAGE = YES_ERROR;
				CLANG_WARN_DOCUMENTATION_COMMENTS = YES;
				CLANG_WARN_EMPTY_BODY = YES;
				CLANG_WARN_ENUM_CONVERSION = YES;
				CLANG_WARN_INFINITE_RECURSION = YES;
				CLANG_WARN_INT_CONVERSION = YES;
				CLANG_WARN_NON_LITERAL_NULL_CONVERSION = YES;
				CLANG_WARN_OBJC_LITERAL_CONVERSION = YES;
				CLANG_WARN_OBJC_ROOT_CLASS = YES_ERROR;
				CLANG_WARN_RANGE_LOOP_ANALYSIS = YES;
				CLANG_WARN_STRICT_PROTOTYPES = YES;
				CLANG_WARN_SUSPICIOUS_MOVE = YES;
				CLANG_WARN_UNGUARDED_AVAILABILITY = YES_AGGRESSIVE;
				CLANG_WARN_UNREACHABLE_CODE = YES;
				CLANG_WARN__DUPLICATE_METHOD_MATCH = YES;
				CODE_SIGN_IDENTITY = "iPhone Developer";
				COPY_PHASE_STRIP = NO;
				DEBUG_INFORMATION_FORMAT = "dwarf-with-dsym";
				ENABLE_NS_ASSERTIONS = NO;
				ENABLE_STRICT_OBJC_MSGSEND = YES;
				GCC_C_LANGUAGE_STANDARD = gnu11;
				GCC_NO_COMMON_BLOCKS = YES;
				GCC_WARN_64_TO_32_BIT_CONVERSION = YES;
				GCC_WARN_ABOUT_RETURN_TYPE = YES_ERROR;
				GCC_WARN_UNDECLARED_SELECTOR = YES;
				GCC_WARN_UNINITIALIZED_AUTOS = YES_AGGRESSIVE;
				GCC_WARN_UNUSED_FUNCTION = YES;
				GCC_WARN_UNUSED_VARIABLE = YES;
				IPHONEOS_DEPLOYMENT_TARGET = 11.0;
				MTL_ENABLE_DEBUG_INFO = NO;
				SDKROOT = iphoneos;
				SWIFT_OPTIMIZATION_LEVEL = "-Owholemodule";
				VALIDATE_PRODUCT = YES;
			};
			name = Release;
		};
		E27D4B391F80341700376FC4 /* Debug */ = {
			isa = XCBuildConfiguration;
			baseConfigurationReference = 070B293D1B562154DE1BAF76 /* Pods-IGListTest.debug.xcconfig */;
			buildSettings = {
				ASSETCATALOG_COMPILER_APPICON_NAME = AppIcon;
				CODE_SIGN_STYLE = Automatic;
				DEVELOPMENT_TEAM = H36ZK5YU8T;
				INFOPLIST_FILE = IGListTest/Info.plist;
				IPHONEOS_DEPLOYMENT_TARGET = 9.0;
				LD_RUNPATH_SEARCH_PATHS = "$(inherited) @executable_path/Frameworks";
				PRODUCT_BUNDLE_IDENTIFIER = "panychyk6-gmail.com.IGListTest";
				PRODUCT_NAME = "$(TARGET_NAME)";
				SWIFT_VERSION = 4.0;
				TARGETED_DEVICE_FAMILY = "1,2";
			};
			name = Debug;
		};
		E27D4B3A1F80341700376FC4 /* Release */ = {
			isa = XCBuildConfiguration;
			baseConfigurationReference = 776DA9C325C5C697FA620F36 /* Pods-IGListTest.release.xcconfig */;
			buildSettings = {
				ASSETCATALOG_COMPILER_APPICON_NAME = AppIcon;
				CODE_SIGN_STYLE = Automatic;
				DEVELOPMENT_TEAM = H36ZK5YU8T;
				INFOPLIST_FILE = IGListTest/Info.plist;
				IPHONEOS_DEPLOYMENT_TARGET = 9.0;
				LD_RUNPATH_SEARCH_PATHS = "$(inherited) @executable_path/Frameworks";
				PRODUCT_BUNDLE_IDENTIFIER = "panychyk6-gmail.com.IGListTest";
				PRODUCT_NAME = "$(TARGET_NAME)";
				SWIFT_VERSION = 4.0;
				TARGETED_DEVICE_FAMILY = "1,2";
			};
			name = Release;
		};
/* End XCBuildConfiguration section */

/* Begin XCConfigurationList section */
		E27D4B211F80341700376FC4 /* Build configuration list for PBXProject "IGListTest" */ = {
			isa = XCConfigurationList;
			buildConfigurations = (
				E27D4B361F80341700376FC4 /* Debug */,
				E27D4B371F80341700376FC4 /* Release */,
			);
			defaultConfigurationIsVisible = 0;
			defaultConfigurationName = Release;
		};
		E27D4B381F80341700376FC4 /* Build configuration list for PBXNativeTarget "IGListTest" */ = {
			isa = XCConfigurationList;
			buildConfigurations = (
				E27D4B391F80341700376FC4 /* Debug */,
				E27D4B3A1F80341700376FC4 /* Release */,
			);
			defaultConfigurationIsVisible = 0;
			defaultConfigurationName = Release;
		};
/* End XCConfigurationList section */
	};
	rootObject = E27D4B1E1F80341700376FC4 /* Project object */;
}
